
Microsoft Visual Studio Solution File, Format Version 12.00
# Visual Studio 15
VisualStudioVersion = 15.0.27130.2024
MinimumVisualStudioVersion = 10.0.40219.1
Project("{FAE04EC0-301F-11D3-BF4B-00C04F79EFBC}") = "preBots", "preBots\preBots.csproj", "{82DEF5BD-DE0E-40B3-A137-679EF64BF500}"
EndProject
Global
	GlobalSection(SolutionConfigurationPlatforms) = preSolution
		Debug|Any CPU = Debug|Any CPU
		Release|Any CPU = Release|Any CPU
	EndGlobalSection
	GlobalSection(ProjectConfigurationPlatforms) = postSolution
		{82DEF5BD-DE0E-40B3-A137-679EF64BF500}.Debug|Any CPU.ActiveCfg = Debug|Any CPU
		{82DEF5BD-DE0E-40B3-A137-679EF64BF500}.Debug|Any CPU.Build.0 = Debug|Any CPU
		{82DEF5BD-DE0E-40B3-A137-679EF64BF500}.Release|Any CPU.ActiveCfg = Release|Any CPU
		{82DEF5BD-DE0E-40B3-A137-679EF64BF500}.Release|Any CPU.Build.0 = Release|Any CPU
	EndGlobalSection
	GlobalSection(SolutionProperties) = preSolution
		HideSolutionNode = FALSE
	EndGlobalSection
	GlobalSection(ExtensibilityGlobals) = postSolution
		SolutionGuid = {AD597156-B776-4BE5-A07B-F51A127D756D}
	EndGlobalSection
EndGlobal
